
Microsoft Visual Studio Solution File, Format Version 12.00
# Visual Studio Version 17
VisualStudioVersion = 17.3.32901.215
MinimumVisualStudioVersion = 10.0.40219.1
Project("{FAE04EC0-301F-11D3-BF4B-00C04F79EFBC}") = "CapaPresentacion", "CapaPresentacion\CapaPresentacion.csproj", "{2F1B4384-933F-4541-9474-7EAF4D81ABAA}"
EndProject
Project("{FAE04EC0-301F-11D3-BF4B-00C04F79EFBC}") = "CapaDatos", "CapaDatos\CapaDatos.csproj", "{1D2EAADC-B088-4533-AEAF-AF2422661951}"
EndProject
Project("{FAE04EC0-301F-11D3-BF4B-00C04F79EFBC}") = "CapaEntidad", "CapaEntidad\CapaEntidad.csproj", "{AAE0112D-FFBC-48F4-BA39-CBD9F26563FD}"
EndProject
Project("{FAE04EC0-301F-11D3-BF4B-00C04F79EFBC}") = "CapaNegocio", "CapaNegocio\CapaNegocio.csproj", "{A2FA0BFA-591E-486D-9696-9DBFBA0EA6C0}"
EndProject
Global
	GlobalSection(SolutionConfigurationPlatforms) = preSolution
		Debug|Any CPU = Debug|Any CPU
		Release|Any CPU = Release|Any CPU
	EndGlobalSection
	GlobalSection(ProjectConfigurationPlatforms) = postSolution
		{2F1B4384-933F-4541-9474-7EAF4D81ABAA}.Debug|Any CPU.ActiveCfg = Debug|Any CPU
		{2F1B4384-933F-4541-9474-7EAF4D81ABAA}.Debug|Any CPU.Build.0 = Debug|Any CPU
		{2F1B4384-933F-4541-9474-7EAF4D81ABAA}.Release|Any CPU.ActiveCfg = Release|Any CPU
		{2F1B4384-933F-4541-9474-7EAF4D81ABAA}.Release|Any CPU.Build.0 = Release|Any CPU
		{1D2EAADC-B088-4533-AEAF-AF2422661951}.Debug|Any CPU.ActiveCfg = Debug|Any CPU
		{1D2EAADC-B088-4533-AEAF-AF2422661951}.Debug|Any CPU.Build.0 = Debug|Any CPU
		{1D2EAADC-B088-4533-AEAF-AF2422661951}.Release|Any CPU.ActiveCfg = Release|Any CPU
		{1D2EAADC-B088-4533-AEAF-AF2422661951}.Release|Any CPU.Build.0 = Release|Any CPU
		{AAE0112D-FFBC-48F4-BA39-CBD9F26563FD}.Debug|Any CPU.ActiveCfg = Debug|Any CPU
		{AAE0112D-FFBC-48F4-BA39-CBD9F26563FD}.Debug|Any CPU.Build.0 = Debug|Any CPU
		{AAE0112D-FFBC-48F4-BA39-CBD9F26563FD}.Release|Any CPU.ActiveCfg = Release|Any CPU
		{AAE0112D-FFBC-48F4-BA39-CBD9F26563FD}.Release|Any CPU.Build.0 = Release|Any CPU
		{A2FA0BFA-591E-486D-9696-9DBFBA0EA6C0}.Debug|Any CPU.ActiveCfg = Debug|Any CPU
		{A2FA0BFA-591E-486D-9696-9DBFBA0EA6C0}.Debug|Any CPU.Build.0 = Debug|Any CPU
		{A2FA0BFA-591E-486D-9696-9DBFBA0EA6C0}.Release|Any CPU.ActiveCfg = Release|Any CPU
		{A2FA0BFA-591E-486D-9696-9DBFBA0EA6C0}.Release|Any CPU.Build.0 = Release|Any CPU
	EndGlobalSection
	GlobalSection(SolutionProperties) = preSolution
		HideSolutionNode = FALSE
	EndGlobalSection
	GlobalSection(ExtensibilityGlobals) = postSolution
		SolutionGuid = {4385F9FC-0209-4648-BBE8-2C8B18A74369}
	EndGlobalSection
EndGlobal
